
Microsoft Visual Studio Solution File, Format Version 12.00
# Visual Studio Version 16
VisualStudioVersion = 16.0.30611.23
MinimumVisualStudioVersion = 10.0.40219.1
Project("{FAE04EC0-301F-11D3-BF4B-00C04F79EFBC}") = "ConvApp.Android", "ConvApp\ConvApp.Android\ConvApp.Android.csproj", "{A805E749-3A59-4777-BAAA-D5E59F888130}"
EndProject
Project("{FAE04EC0-301F-11D3-BF4B-00C04F79EFBC}") = "ConvApp.iOS", "ConvApp\ConvApp.iOS\ConvApp.iOS.csproj", "{E94AECB5-29C1-48FD-A22F-A68B65517C2A}"
EndProject
Project("{9A19103F-16F7-4668-BE54-9A1E7A4F7556}") = "ConvApp", "ConvApp\ConvApp\ConvApp.csproj", "{43D41AE4-467B-4BFE-BD8D-E6AC0F51D694}"
EndProject
Global
	GlobalSection(SolutionConfigurationPlatforms) = preSolution
		Debug|Any CPU = Debug|Any CPU
		Debug|iPhone = Debug|iPhone
		Debug|iPhoneSimulator = Debug|iPhoneSimulator
		Release|Any CPU = Release|Any CPU
		Release|iPhone = Release|iPhone
		Release|iPhoneSimulator = Release|iPhoneSimulator
	EndGlobalSection
	GlobalSection(ProjectConfigurationPlatforms) = postSolution
		{A805E749-3A59-4777-BAAA-D5E59F888130}.Debug|Any CPU.ActiveCfg = Debug|Any CPU
		{A805E749-3A59-4777-BAAA-D5E59F888130}.Debug|Any CPU.Build.0 = Debug|Any CPU
		{A805E749-3A59-4777-BAAA-D5E59F888130}.Debug|Any CPU.Deploy.0 = Debug|Any CPU
		{A805E749-3A59-4777-BAAA-D5E59F888130}.Debug|iPhone.ActiveCfg = Debug|Any CPU
		{A805E749-3A59-4777-BAAA-D5E59F888130}.Debug|iPhone.Build.0 = Debug|Any CPU
		{A805E749-3A59-4777-BAAA-D5E59F888130}.Debug|iPhone.Deploy.0 = Debug|Any CPU
		{A805E749-3A59-4777-BAAA-D5E59F888130}.Debug|iPhoneSimulator.ActiveCfg = Debug|Any CPU
		{A805E749-3A59-4777-BAAA-D5E59F888130}.Debug|iPhoneSimulator.Build.0 = Debug|Any CPU
		{A805E749-3A59-4777-BAAA-D5E59F888130}.Debug|iPhoneSimulator.Deploy.0 = Debug|Any CPU
		{A805E749-3A59-4777-BAAA-D5E59F888130}.Release|Any CPU.ActiveCfg = Release|Any CPU
		{A805E749-3A59-4777-BAAA-D5E59F888130}.Release|Any CPU.Build.0 = Release|Any CPU
		{A805E749-3A59-4777-BAAA-D5E59F888130}.Release|Any CPU.Deploy.0 = Release|Any CPU
		{A805E749-3A59-4777-BAAA-D5E59F888130}.Release|iPhone.ActiveCfg = Release|Any CPU
		{A805E749-3A59-4777-BAAA-D5E59F888130}.Release|iPhone.Build.0 = Release|Any CPU
		{A805E749-3A59-4777-BAAA-D5E59F888130}.Release|iPhone.Deploy.0 = Release|Any CPU
		{A805E749-3A59-4777-BAAA-D5E59F888130}.Release|iPhoneSimulator.ActiveCfg = Release|Any CPU
		{A805E749-3A59-4777-BAAA-D5E59F888130}.Release|iPhoneSimulator.Build.0 = Release|Any CPU
		{A805E749-3A59-4777-BAAA-D5E59F888130}.Release|iPhoneSimulator.Deploy.0 = Release|Any CPU
		{E94AECB5-29C1-48FD-A22F-A68B65517C2A}.Debug|Any CPU.ActiveCfg = Debug|iPhone
		{E94AECB5-29C1-48FD-A22F-A68B65517C2A}.Debug|Any CPU.Build.0 = Debug|iPhone
		{E94AECB5-29C1-48FD-A22F-A68B65517C2A}.Debug|Any CPU.Deploy.0 = Debug|iPhone
		{E94AECB5-29C1-48FD-A22F-A68B65517C2A}.Debug|iPhone.ActiveCfg = Debug|iPhone
		{E94AECB5-29C1-48FD-A22F-A68B65517C2A}.Debug|iPhone.Build.0 = Debug|iPhone
		{E94AECB5-29C1-48FD-A22F-A68B65517C2A}.Debug|iPhone.Deploy.0 = Debug|iPhone
		{E94AECB5-29C1-48FD-A22F-A68B65517C2A}.Debug|iPhoneSimulator.ActiveCfg = Debug|iPhoneSimulator
		{E94AECB5-29C1-48FD-A22F-A68B65517C2A}.Debug|iPhoneSimulator.Build.0 = Debug|iPhoneSimulator
		{E94AECB5-29C1-48FD-A22F-A68B65517C2A}.Debug|iPhoneSimulator.Deploy.0 = Debug|iPhoneSimulator
		{E94AECB5-29C1-48FD-A22F-A68B65517C2A}.Release|Any CPU.ActiveCfg = Release|iPhoneSimulator
		{E94AECB5-29C1-48FD-A22F-A68B65517C2A}.Release|Any CPU.Build.0 = Release|iPhoneSimulator
		{E94AECB5-29C1-48FD-A22F-A68B65517C2A}.Release|Any CPU.Deploy.0 = Release|iPhoneSimulator
		{E94AECB5-29C1-48FD-A22F-A68B65517C2A}.Release|iPhone.ActiveCfg = Release|iPhone
		{E94AECB5-29C1-48FD-A22F-A68B65517C2A}.Release|iPhone.Build.0 = Release|iPhone
		{E94AECB5-29C1-48FD-A22F-A68B65517C2A}.Release|iPhone.Deploy.0 = Release|iPhone
		{E94AECB5-29C1-48FD-A22F-A68B65517C2A}.Release|iPhoneSimulator.ActiveCfg = Release|iPhoneSimulator
		{E94AECB5-29C1-48FD-A22F-A68B65517C2A}.Release|iPhoneSimulator.Build.0 = Release|iPhoneSimulator
		{E94AECB5-29C1-48FD-A22F-A68B65517C2A}.Release|iPhoneSimulator.Deploy.0 = Release|iPhoneSimulator
		{43D41AE4-467B-4BFE-BD8D-E6AC0F51D694}.Debug|Any CPU.ActiveCfg = Debug|Any CPU
		{43D41AE4-467B-4BFE-BD8D-E6AC0F51D694}.Debug|Any CPU.Build.0 = Debug|Any CPU
		{43D41AE4-467B-4BFE-BD8D-E6AC0F51D694}.Debug|Any CPU.Deploy.0 = Debug|Any CPU
		{43D41AE4-467B-4BFE-BD8D-E6AC0F51D694}.Debug|iPhone.ActiveCfg = Debug|Any CPU
		{43D41AE4-467B-4BFE-BD8D-E6AC0F51D694}.Debug|iPhone.Build.0 = Debug|Any CPU
		{43D41AE4-467B-4BFE-BD8D-E6AC0F51D694}.Debug|iPhone.Deploy.0 = Debug|Any CPU
		{43D41AE4-467B-4BFE-BD8D-E6AC0F51D694}.Debug|iPhoneSimulator.ActiveCfg = Debug|Any CPU
		{43D41AE4-467B-4BFE-BD8D-E6AC0F51D694}.Debug|iPhoneSimulator.Build.0 = Debug|Any CPU
		{43D41AE4-467B-4BFE-BD8D-E6AC0F51D694}.Debug|iPhoneSimulator.Deploy.0 = Debug|Any CPU
		{43D41AE4-467B-4BFE-BD8D-E6AC0F51D694}.Release|Any CPU.ActiveCfg = Release|Any CPU
		{43D41AE4-467B-4BFE-BD8D-E6AC0F51D694}.Release|Any CPU.Build.0 = Release|Any CPU
		{43D41AE4-467B-4BFE-BD8D-E6AC0F51D694}.Release|Any CPU.Deploy.0 = Release|Any CPU
		{43D41AE4-467B-4BFE-BD8D-E6AC0F51D694}.Release|iPhone.ActiveCfg = Release|Any CPU
		{43D41AE4-467B-4BFE-BD8D-E6AC0F51D694}.Release|iPhone.Build.0 = Release|Any CPU
		{43D41AE4-467B-4BFE-BD8D-E6AC0F51D694}.Release|iPhone.Deploy.0 = Release|Any CPU
		{43D41AE4-467B-4BFE-BD8D-E6AC0F51D694}.Release|iPhoneSimulator.ActiveCfg = Release|Any CPU
		{43D41AE4-467B-4BFE-BD8D-E6AC0F51D694}.Release|iPhoneSimulator.Build.0 = Release|Any CPU
		{43D41AE4-467B-4BFE-BD8D-E6AC0F51D694}.Release|iPhoneSimulator.Deploy.0 = Release|Any CPU
	EndGlobalSection
	GlobalSection(SolutionProperties) = preSolution
		HideSolutionNode = FALSE
	EndGlobalSection
	GlobalSection(ExtensibilityGlobals) = postSolution
		SolutionGuid = {48D7588F-7A91-44F5-A613-D071FA61145B}
	EndGlobalSection
EndGlobal
